{
  "name": "QuickPoll",
  "version": "1.0.0",
  "lockfileVersion": 1,
  "requires": true,
  "dependencies": {
    "gsap": {
      "version": "3.3.1",
      "resolved": "https://registry.npmjs.org/gsap/-/gsap-3.3.1.tgz",
      "integrity": "sha512-jTR6bZKCkB9toO/8Mq2FWIMKjoOgOWjGAeO9SJHTGk0UnGn3C7ViN9QeNzY7Za1QmQ6NWG+ud6MB4e4L23qWMg=="
    }
  }
}
